// !$*UTF8*$!
{
	archiveVersion = 1;
	classes = {
	};
	objectVersion = 56;
	objects = {

/* Begin PBXBuildFile section */
		963B6DBA2ABD652500F6B926 /* NumberGenManager.swift in Sources */ = {isa = PBXBuildFile; fileRef = 963B6DB92ABD652500F6B926 /* NumberGenManager.swift */; };
		964AC65F2AD90BB800813C4F /* NumberSaveManager.swift in Sources */ = {isa = PBXBuildFile; fileRef = 964AC65E2AD90BB800813C4F /* NumberSaveManager.swift */; };
		964FC2D62AF162C300EE08AD /* NetworkManager.swift in Sources */ = {isa = PBXBuildFile; fileRef = 964FC2D52AF162C300EE08AD /* NetworkManager.swift */; };
		96988A672AF1FB3700A62A44 /* LottoAPICell.swift in Sources */ = {isa = PBXBuildFile; fileRef = 96988A662AF1FB3700A62A44 /* LottoAPICell.swift */; };
		96CCE4602AF16CE300858F90 /* LottoAPIViewController.swift in Sources */ = {isa = PBXBuildFile; fileRef = 96CCE45F2AF16CE300858F90 /* LottoAPIViewController.swift */; };
		96D3CC832AB659E3007FE78B /* NumTableViewCell.swift in Sources */ = {isa = PBXBuildFile; fileRef = 96D3CC822AB659E3007FE78B /* NumTableViewCell.swift */; };
		96D973F92ACD286C00577B22 /* NumChoiceListTableViewCell.swift in Sources */ = {isa = PBXBuildFile; fileRef = 96D973F82ACD286C00577B22 /* NumChoiceListTableViewCell.swift */; };
		96FFB9092AB4BFF600FAD765 /* AppDelegate.swift in Sources */ = {isa = PBXBuildFile; fileRef = 96FFB9082AB4BFF600FAD765 /* AppDelegate.swift */; };
		96FFB90B2AB4BFF600FAD765 /* SceneDelegate.swift in Sources */ = {isa = PBXBuildFile; fileRef = 96FFB90A2AB4BFF600FAD765 /* SceneDelegate.swift */; };
		96FFB90D2AB4BFF600FAD765 /* NumbersGenerateViewController.swift in Sources */ = {isa = PBXBuildFile; fileRef = 96FFB90C2AB4BFF600FAD765 /* NumbersGenerateViewController.swift */; };
		96FFB9102AB4BFF600FAD765 /* Main.storyboard in Resources */ = {isa = PBXBuildFile; fileRef = 96FFB90E2AB4BFF600FAD765 /* Main.storyboard */; };
		96FFB9132AB4BFF600FAD765 /* LottoGame.xcdatamodeld in Sources */ = {isa = PBXBuildFile; fileRef = 96FFB9112AB4BFF600FAD765 /* LottoGame.xcdatamodeld */; };
		96FFB9152AB4BFF700FAD765 /* Assets.xcassets in Resources */ = {isa = PBXBuildFile; fileRef = 96FFB9142AB4BFF700FAD765 /* Assets.xcassets */; };
		96FFB9182AB4BFF700FAD765 /* LaunchScreen.storyboard in Resources */ = {isa = PBXBuildFile; fileRef = 96FFB9162AB4BFF700FAD765 /* LaunchScreen.storyboard */; };
		96FFB9202AB4C47E00FAD765 /* MyNumbersViewController.swift in Sources */ = {isa = PBXBuildFile; fileRef = 96FFB91F2AB4C47E00FAD765 /* MyNumbersViewController.swift */; };
		96FFB9222AB4C4B800FAD765 /* NumbersGen.swift in Sources */ = {isa = PBXBuildFile; fileRef = 96FFB9212AB4C4B800FAD765 /* NumbersGen.swift */; };
/* End PBXBuildFile section */

/* Begin PBXFileReference section */
		963B6DB92ABD652500F6B926 /* NumberGenManager.swift */ = {isa = PBXFileReference; lastKnownFileType = sourcecode.swift; path = NumberGenManager.swift; sourceTree = "<group>"; };
		964AC65E2AD90BB800813C4F /* NumberSaveManager.swift */ = {isa = PBXFileReference; lastKnownFileType = sourcecode.swift; path = NumberSaveManager.swift; sourceTree = "<group>"; };
		964FC2D52AF162C300EE08AD /* NetworkManager.swift */ = {isa = PBXFileReference; lastKnownFileType = sourcecode.swift; path = NetworkManager.swift; sourceTree = "<group>"; };
		96988A662AF1FB3700A62A44 /* LottoAPICell.swift */ = {isa = PBXFileReference; lastKnownFileType = sourcecode.swift; path = LottoAPICell.swift; sourceTree = "<group>"; };
		96CCE45F2AF16CE300858F90 /* LottoAPIViewController.swift */ = {isa = PBXFileReference; lastKnownFileType = sourcecode.swift; path = LottoAPIViewController.swift; sourceTree = "<group>"; };
		96D3CC822AB659E3007FE78B /* NumTableViewCell.swift */ = {isa = PBXFileReference; lastKnownFileType = sourcecode.swift; path = NumTableViewCell.swift; sourceTree = "<group>"; };
		96D973F82ACD286C00577B22 /* NumChoiceListTableViewCell.swift */ = {isa = PBXFileReference; lastKnownFileType = sourcecode.swift; path = NumChoiceListTableViewCell.swift; sourceTree = "<group>"; };
		96FFB9052AB4BFF600FAD765 /* LottoGame.app */ = {isa = PBXFileReference; explicitFileType = wrapper.application; includeInIndex = 0; path = LottoGame.app; sourceTree = BUILT_PRODUCTS_DIR; };
		96FFB9082AB4BFF600FAD765 /* AppDelegate.swift */ = {isa = PBXFileReference; lastKnownFileType = sourcecode.swift; path = AppDelegate.swift; sourceTree = "<group>"; };
		96FFB90A2AB4BFF600FAD765 /* SceneDelegate.swift */ = {isa = PBXFileReference; lastKnownFileType = sourcecode.swift; path = SceneDelegate.swift; sourceTree = "<group>"; };
		96FFB90C2AB4BFF600FAD765 /* NumbersGenerateViewController.swift */ = {isa = PBXFileReference; lastKnownFileType = sourcecode.swift; path = NumbersGenerateViewController.swift; sourceTree = "<group>"; };
		96FFB90F2AB4BFF600FAD765 /* Base */ = {isa = PBXFileReference; lastKnownFileType = file.storyboard; name = Base; path = Base.lproj/Main.storyboard; sourceTree = "<group>"; };
		96FFB9122AB4BFF600FAD765 /* LottoGame.xcdatamodel */ = {isa = PBXFileReference; lastKnownFileType = wrapper.xcdatamodel; path = LottoGame.xcdatamodel; sourceTree = "<group>"; };
		96FFB9142AB4BFF700FAD765 /* Assets.xcassets */ = {isa = PBXFileReference; lastKnownFileType = folder.assetcatalog; path = Assets.xcassets; sourceTree = "<group>"; };
		96FFB9172AB4BFF700FAD765 /* Base */ = {isa = PBXFileReference; lastKnownFileType = file.storyboard; name = Base; path = Base.lproj/LaunchScreen.storyboard; sourceTree = "<group>"; };
		96FFB9192AB4BFF700FAD765 /* Info.plist */ = {isa = PBXFileReference; lastKnownFileType = text.plist.xml; path = Info.plist; sourceTree = "<group>"; };
		96FFB91F2AB4C47E00FAD765 /* MyNumbersViewController.swift */ = {isa = PBXFileReference; lastKnownFileType = sourcecode.swift; path = MyNumbersViewController.swift; sourceTree = "<group>"; };
		96FFB9212AB4C4B800FAD765 /* NumbersGen.swift */ = {isa = PBXFileReference; lastKnownFileType = sourcecode.swift; path = NumbersGen.swift; sourceTree = "<group>"; };
/* End PBXFileReference section */

/* Begin PBXFrameworksBuildPhase section */
		96FFB9022AB4BFF600FAD765 /* Frameworks */ = {
			isa = PBXFrameworksBuildPhase;
			buildActionMask = 2147483647;
			files = (
			);
			runOnlyForDeploymentPostprocessing = 0;
		};
/* End PBXFrameworksBuildPhase section */

/* Begin PBXGroup section */
		964FC2D42AF1629B00EE08AD /* APIService */ = {
			isa = PBXGroup;
			children = (
				964FC2D52AF162C300EE08AD /* NetworkManager.swift */,
			);
			path = APIService;
			sourceTree = "<group>";
		};
		968ECE5B2AC28330003CD715 /* Main */ = {
			isa = PBXGroup;
			children = (
				968ECE5C2AC28363003CD715 /* SubViews */,
				96FFB90C2AB4BFF600FAD765 /* NumbersGenerateViewController.swift */,
			);
			path = Main;
			sourceTree = "<group>";
		};
		968ECE5C2AC28363003CD715 /* SubViews */ = {
			isa = PBXGroup;
			children = (
				96D3CC822AB659E3007FE78B /* NumTableViewCell.swift */,
			);
			name = SubViews;
			sourceTree = "<group>";
		};
		968ECE5D2AC28396003CD715 /* Helpers */ = {
			isa = PBXGroup;
			children = (
				963B6DB92ABD652500F6B926 /* NumberGenManager.swift */,
				964AC65E2AD90BB800813C4F /* NumberSaveManager.swift */,
			);
			path = Helpers;
			sourceTree = "<group>";
		};
		968ECE5E2AC283AC003CD715 /* Models */ = {
			isa = PBXGroup;
			children = (
				96FFB9212AB4C4B800FAD765 /* NumbersGen.swift */,
			);
			path = Models;
			sourceTree = "<group>";
		};
		968ECE5F2AC283D0003CD715 /* Scene */ = {
			isa = PBXGroup;
			children = (
				96CCE45E2AF16B9500858F90 /* LottoAPI */,
				968ECE602AC28493003CD715 /* MyNumbers */,
				968ECE5B2AC28330003CD715 /* Main */,
			);
			path = Scene;
			sourceTree = "<group>";
		};
		968ECE602AC28493003CD715 /* MyNumbers */ = {
			isa = PBXGroup;
			children = (
				96D973F72ACD280000577B22 /* SubViews */,
				96FFB91F2AB4C47E00FAD765 /* MyNumbersViewController.swift */,
			);
			path = MyNumbers;
			sourceTree = "<group>";
		};
		96988A682AF1FB4000A62A44 /* SubViews */ = {
			isa = PBXGroup;
			children = (
				96988A662AF1FB3700A62A44 /* LottoAPICell.swift */,
			);
			path = SubViews;
			sourceTree = "<group>";
		};
		96CCE45E2AF16B9500858F90 /* LottoAPI */ = {
			isa = PBXGroup;
			children = (
				96988A682AF1FB4000A62A44 /* SubViews */,
				96CCE45F2AF16CE300858F90 /* LottoAPIViewController.swift */,
			);
			path = LottoAPI;
			sourceTree = "<group>";
		};
		96D973F72ACD280000577B22 /* SubViews */ = {
			isa = PBXGroup;
			children = (
				96D973F82ACD286C00577B22 /* NumChoiceListTableViewCell.swift */,
			);
			path = SubViews;
			sourceTree = "<group>";
		};
		96FFB8FC2AB4BFF600FAD765 = {
			isa = PBXGroup;
			children = (
				96FFB9072AB4BFF600FAD765 /* LottoGame */,
				96FFB9062AB4BFF600FAD765 /* Products */,
			);
			sourceTree = "<group>";
		};
		96FFB9062AB4BFF600FAD765 /* Products */ = {
			isa = PBXGroup;
			children = (
				96FFB9052AB4BFF600FAD765 /* LottoGame.app */,
			);
			name = Products;
			sourceTree = "<group>";
		};
		96FFB9072AB4BFF600FAD765 /* LottoGame */ = {
			isa = PBXGroup;
			children = (
				964FC2D42AF1629B00EE08AD /* APIService */,
				968ECE5F2AC283D0003CD715 /* Scene */,
				968ECE5E2AC283AC003CD715 /* Models */,
				968ECE5D2AC28396003CD715 /* Helpers */,
				96FFB9082AB4BFF600FAD765 /* AppDelegate.swift */,
				96FFB90A2AB4BFF600FAD765 /* SceneDelegate.swift */,
				96FFB90E2AB4BFF600FAD765 /* Main.storyboard */,
				96FFB9142AB4BFF700FAD765 /* Assets.xcassets */,
				96FFB9162AB4BFF700FAD765 /* LaunchScreen.storyboard */,
				96FFB9192AB4BFF700FAD765 /* Info.plist */,
				96FFB9112AB4BFF600FAD765 /* LottoGame.xcdatamodeld */,
			);
			path = LottoGame;
			sourceTree = "<group>";
		};
/* End PBXGroup section */

/* Begin PBXNativeTarget section */
		96FFB9042AB4BFF600FAD765 /* LottoGame */ = {
			isa = PBXNativeTarget;
			buildConfigurationList = 96FFB91C2AB4BFF700FAD765 /* Build configuration list for PBXNativeTarget "LottoGame" */;
			buildPhases = (
				96FFB9012AB4BFF600FAD765 /* Sources */,
				96FFB9022AB4BFF600FAD765 /* Frameworks */,
				96FFB9032AB4BFF600FAD765 /* Resources */,
			);
			buildRules = (
			);
			dependencies = (
			);
			name = LottoGame;
			productName = LottoGame;
			productReference = 96FFB9052AB4BFF600FAD765 /* LottoGame.app */;
			productType = "com.apple.product-type.application";
		};
/* End PBXNativeTarget section */

/* Begin PBXProject section */
		96FFB8FD2AB4BFF600FAD765 /* Project object */ = {
			isa = PBXProject;
			attributes = {
				BuildIndependentTargetsInParallel = 1;
				LastSwiftUpdateCheck = 1420;
				LastUpgradeCheck = 1420;
				TargetAttributes = {
					96FFB9042AB4BFF600FAD765 = {
						CreatedOnToolsVersion = 14.2;
					};
				};
			};
			buildConfigurationList = 96FFB9002AB4BFF600FAD765 /* Build configuration list for PBXProject "LottoGame" */;
			compatibilityVersion = "Xcode 14.0";
			developmentRegion = en;
			hasScannedForEncodings = 0;
			knownRegions = (
				en,
				Base,
			);
			mainGroup = 96FFB8FC2AB4BFF600FAD765;
			productRefGroup = 96FFB9062AB4BFF600FAD765 /* Products */;
			projectDirPath = "";
			projectRoot = "";
			targets = (
				96FFB9042AB4BFF600FAD765 /* LottoGame */,
			);
		};
/* End PBXProject section */

/* Begin PBXResourcesBuildPhase section */
		96FFB9032AB4BFF600FAD765 /* Resources */ = {
			isa = PBXResourcesBuildPhase;
			buildActionMask = 2147483647;
			files = (
				96FFB9182AB4BFF700FAD765 /* LaunchScreen.storyboard in Resources */,
				96FFB9152AB4BFF700FAD765 /* Assets.xcassets in Resources */,
				96FFB9102AB4BFF600FAD765 /* Main.storyboard in Resources */,
			);
			runOnlyForDeploymentPostprocessing = 0;
		};
/* End PBXResourcesBuildPhase section */

/* Begin PBXSourcesBuildPhase section */
		96FFB9012AB4BFF600FAD765 /* Sources */ = {
			isa = PBXSourcesBuildPhase;
			buildActionMask = 2147483647;
			files = (
				96D3CC832AB659E3007FE78B /* NumTableViewCell.swift in Sources */,
				964AC65F2AD90BB800813C4F /* NumberSaveManager.swift in Sources */,
				96988A672AF1FB3700A62A44 /* LottoAPICell.swift in Sources */,
				96CCE4602AF16CE300858F90 /* LottoAPIViewController.swift in Sources */,
				96FFB90D2AB4BFF600FAD765 /* NumbersGenerateViewController.swift in Sources */,
				96FFB9092AB4BFF600FAD765 /* AppDelegate.swift in Sources */,
				964FC2D62AF162C300EE08AD /* NetworkManager.swift in Sources */,
				96FFB9132AB4BFF600FAD765 /* LottoGame.xcdatamodeld in Sources */,
				96D973F92ACD286C00577B22 /* NumChoiceListTableViewCell.swift in Sources */,
				96FFB9222AB4C4B800FAD765 /* NumbersGen.swift in Sources */,
				96FFB9202AB4C47E00FAD765 /* MyNumbersViewController.swift in Sources */,
				96FFB90B2AB4BFF600FAD765 /* SceneDelegate.swift in Sources */,
				963B6DBA2ABD652500F6B926 /* NumberGenManager.swift in Sources */,
			);
			runOnlyForDeploymentPostprocessing = 0;
		};
/* End PBXSourcesBuildPhase section */

/* Begin PBXVariantGroup section */
		96FFB90E2AB4BFF600FAD765 /* Main.storyboard */ = {
			isa = PBXVariantGroup;
			children = (
				96FFB90F2AB4BFF600FAD765 /* Base */,
			);
			name = Main.storyboard;
			sourceTree = "<group>";
		};
		96FFB9162AB4BFF700FAD765 /* LaunchScreen.storyboard */ = {
			isa = PBXVariantGroup;
			children = (
				96FFB9172AB4BFF700FAD765 /* Base */,
			);
			name = LaunchScreen.storyboard;
			sourceTree = "<group>";
		};
/* End PBXVariantGroup section */

/* Begin XCBuildConfiguration section */
		96FFB91A2AB4BFF700FAD765 /* Debug */ = {
			isa = XCBuildConfiguration;
			buildSettings = {
				ALWAYS_SEARCH_USER_PATHS = NO;
				CLANG_ANALYZER_NONNULL = YES;
				CLANG_ANALYZER_NUMBER_OBJECT_CONVERSION = YES_AGGRESSIVE;
				CLANG_CXX_LANGUAGE_STANDARD = "gnu++20";
				CLANG_ENABLE_MODULES = YES;
				CLANG_ENABLE_OBJC_ARC = YES;
				CLANG_ENABLE_OBJC_WEAK = YES;
				CLANG_WARN_BLOCK_CAPTURE_AUTORELEASING = YES;
				CLANG_WARN_BOOL_CONVERSION = YES;
				CLANG_WARN_COMMA = YES;
				CLANG_WARN_CONSTANT_CONVERSION = YES;
				CLANG_WARN_DEPRECATED_OBJC_IMPLEMENTATIONS = YES;
				CLANG_WARN_DIRECT_OBJC_ISA_USAGE = YES_ERROR;
				CLANG_WARN_DOCUMENTATION_COMMENTS = YES;
				CLANG_WARN_EMPTY_BODY = YES;
				CLANG_WARN_ENUM_CONVERSION = YES;
				CLANG_WARN_INFINITE_RECURSION = YES;
				CLANG_WARN_INT_CONVERSION = YES;
				CLANG_WARN_NON_LITERAL_NULL_CONVERSION = YES;
				CLANG_WARN_OBJC_IMPLICIT_RETAIN_SELF = YES;
				CLANG_WARN_OBJC_LITERAL_CONVERSION = YES;
				CLANG_WARN_OBJC_ROOT_CLASS = YES_ERROR;
				CLANG_WARN_QUOTED_INCLUDE_IN_FRAMEWORK_HEADER = YES;
				CLANG_WARN_RANGE_LOOP_ANALYSIS = YES;
				CLANG_WARN_STRICT_PROTOTYPES = YES;
				CLANG_WARN_SUSPICIOUS_MOVE = YES;
				CLANG_WARN_UNGUARDED_AVAILABILITY = YES_AGGRESSIVE;
				CLANG_WARN_UNREACHABLE_CODE = YES;
				CLANG_WARN__DUPLICATE_METHOD_MATCH = YES;
				COPY_PHASE_STRIP = NO;
				DEBUG_INFORMATION_FORMAT = dwarf;
				ENABLE_STRICT_OBJC_MSGSEND = YES;
				ENABLE_TESTABILITY = YES;
				GCC_C_LANGUAGE_STANDARD = gnu11;
				GCC_DYNAMIC_NO_PIC = NO;
				GCC_NO_COMMON_BLOCKS = YES;
				GCC_OPTIMIZATION_LEVEL = 0;
				GCC_PREPROCESSOR_DEFINITIONS = (
					"DEBUG=1",
					"$(inherited)",
				);
				GCC_WARN_64_TO_32_BIT_CONVERSION = YES;
				GCC_WARN_ABOUT_RETURN_TYPE = YES_ERROR;
				GCC_WARN_UNDECLARED_SELECTOR = YES;
				GCC_WARN_UNINITIALIZED_AUTOS = YES_AGGRESSIVE;
				GCC_WARN_UNUSED_FUNCTION = YES;
				GCC_WARN_UNUSED_VARIABLE = YES;
				IPHONEOS_DEPLOYMENT_TARGET = 13.0;
				MTL_ENABLE_DEBUG_INFO = INCLUDE_SOURCE;
				MTL_FAST_MATH = YES;
				ONLY_ACTIVE_ARCH = YES;
				SDKROOT = iphoneos;
				SWIFT_ACTIVE_COMPILATION_CONDITIONS = DEBUG;
				SWIFT_OPTIMIZATION_LEVEL = "-Onone";
			};
			name = Debug;
		};
		96FFB91B2AB4BFF700FAD765 /* Release */ = {
			isa = XCBuildConfiguration;
			buildSettings = {
				ALWAYS_SEARCH_USER_PATHS = NO;
				CLANG_ANALYZER_NONNULL = YES;
				CLANG_ANALYZER_NUMBER_OBJECT_CONVERSION = YES_AGGRESSIVE;
				CLANG_CXX_LANGUAGE_STANDARD = "gnu++20";
				CLANG_ENABLE_MODULES = YES;
				CLANG_ENABLE_OBJC_ARC = YES;
				CLANG_ENABLE_OBJC_WEAK = YES;
				CLANG_WARN_BLOCK_CAPTURE_AUTORELEASING = YES;
				CLANG_WARN_BOOL_CONVERSION = YES;
				CLANG_WARN_COMMA = YES;
				CLANG_WARN_CONSTANT_CONVERSION = YES;
				CLANG_WARN_DEPRECATED_OBJC_IMPLEMENTATIONS = YES;
				CLANG_WARN_DIRECT_OBJC_ISA_USAGE = YES_ERROR;
				CLANG_WARN_DOCUMENTATION_COMMENTS = YES;
				CLANG_WARN_EMPTY_BODY = YES;
				CLANG_WARN_ENUM_CONVERSION = YES;
				CLANG_WARN_INFINITE_RECURSION = YES;
				CLANG_WARN_INT_CONVERSION = YES;
				CLANG_WARN_NON_LITERAL_NULL_CONVERSION = YES;
				CLANG_WARN_OBJC_IMPLICIT_RETAIN_SELF = YES;
				CLANG_WARN_OBJC_LITERAL_CONVERSION = YES;
				CLANG_WARN_OBJC_ROOT_CLASS = YES_ERROR;
				CLANG_WARN_QUOTED_INCLUDE_IN_FRAMEWORK_HEADER = YES;
				CLANG_WARN_RANGE_LOOP_ANALYSIS = YES;
				CLANG_WARN_STRICT_PROTOTYPES = YES;
				CLANG_WARN_SUSPICIOUS_MOVE = YES;
				CLANG_WARN_UNGUARDED_AVAILABILITY = YES_AGGRESSIVE;
				CLANG_WARN_UNREACHABLE_CODE = YES;
				CLANG_WARN__DUPLICATE_METHOD_MATCH = YES;
				COPY_PHASE_STRIP = NO;
				DEBUG_INFORMATION_FORMAT = "dwarf-with-dsym";
				ENABLE_NS_ASSERTIONS = NO;
				ENABLE_STRICT_OBJC_MSGSEND = YES;
				GCC_C_LANGUAGE_STANDARD = gnu11;
				GCC_NO_COMMON_BLOCKS = YES;
				GCC_WARN_64_TO_32_BIT_CONVERSION = YES;
				GCC_WARN_ABOUT_RETURN_TYPE = YES_ERROR;
				GCC_WARN_UNDECLARED_SELECTOR = YES;
				GCC_WARN_UNINITIALIZED_AUTOS = YES_AGGRESSIVE;
				GCC_WARN_UNUSED_FUNCTION = YES;
				GCC_WARN_UNUSED_VARIABLE = YES;
				IPHONEOS_DEPLOYMENT_TARGET = 13.0;
				MTL_ENABLE_DEBUG_INFO = NO;
				MTL_FAST_MATH = YES;
				SDKROOT = iphoneos;
				SWIFT_COMPILATION_MODE = wholemodule;
				SWIFT_OPTIMIZATION_LEVEL = "-O";
				VALIDATE_PRODUCT = YES;
			};
			name = Release;
		};
		96FFB91D2AB4BFF700FAD765 /* Debug */ = {
			isa = XCBuildConfiguration;
			buildSettings = {
				ASSETCATALOG_COMPILER_APPICON_NAME = AppIcon;
				ASSETCATALOG_COMPILER_GLOBAL_ACCENT_COLOR_NAME = AccentColor;
				CODE_SIGN_IDENTITY = "Apple Development";
				CODE_SIGN_STYLE = Automatic;
				CURRENT_PROJECT_VERSION = 1;
				DEVELOPMENT_TEAM = 99CZKQ5FHZ;
				GENERATE_INFOPLIST_FILE = YES;
				INFOPLIST_FILE = LottoGame/Info.plist;
				INFOPLIST_KEY_UIApplicationSupportsIndirectInputEvents = YES;
				INFOPLIST_KEY_UILaunchStoryboardName = LaunchScreen;
				INFOPLIST_KEY_UIMainStoryboardFile = Main;
				INFOPLIST_KEY_UISupportedInterfaceOrientations = UIInterfaceOrientationPortrait;
				INFOPLIST_KEY_UISupportedInterfaceOrientations_iPad = "UIInterfaceOrientationLandscapeLeft UIInterfaceOrientationLandscapeRight UIInterfaceOrientationPortrait UIInterfaceOrientationPortraitUpsideDown";
				IPHONEOS_DEPLOYMENT_TARGET = 13.0;
				LD_RUNPATH_SEARCH_PATHS = (
					"$(inherited)",
					"@executable_path/Frameworks",
				);
				MARKETING_VERSION = 1.0;
				PRODUCT_BUNDLE_IDENTIFIER = kr.yeol.LottoGame;
				PRODUCT_NAME = "$(TARGET_NAME)";
				PROVISIONING_PROFILE_SPECIFIER = "";
				SUPPORTED_PLATFORMS = "iphoneos iphonesimulator";
				SUPPORTS_MACCATALYST = NO;
				SUPPORTS_MAC_DESIGNED_FOR_IPHONE_IPAD = NO;
				SWIFT_EMIT_LOC_STRINGS = YES;
				SWIFT_VERSION = 5.0;
				TARGETED_DEVICE_FAMILY = 1;
			};
			name = Debug;
		};
		96FFB91E2AB4BFF700FAD765 /* Release */ = {
			isa = XCBuildConfiguration;
			buildSettings = {
				ASSETCATALOG_COMPILER_APPICON_NAME = AppIcon;
				ASSETCATALOG_COMPILER_GLOBAL_ACCENT_COLOR_NAME = AccentColor;
				CODE_SIGN_IDENTITY = "Apple Development";
				CODE_SIGN_STYLE = Automatic;
				CURRENT_PROJECT_VERSION = 1;
				DEVELOPMENT_TEAM = 99CZKQ5FHZ;
				GENERATE_INFOPLIST_FILE = YES;
				INFOPLIST_FILE = LottoGame/Info.plist;
				INFOPLIST_KEY_UIApplicationSupportsIndirectInputEvents = YES;
				INFOPLIST_KEY_UILaunchStoryboardName = LaunchScreen;
				INFOPLIST_KEY_UIMainStoryboardFile = Main;
				INFOPLIST_KEY_UISupportedInterfaceOrientations = UIInterfaceOrientationPortrait;
				INFOPLIST_KEY_UISupportedInterfaceOrientations_iPad = "UIInterfaceOrientationLandscapeLeft UIInterfaceOrientationLandscapeRight UIInterfaceOrientationPortrait UIInterfaceOrientationPortraitUpsideDown";
				IPHONEOS_DEPLOYMENT_TARGET = 13.0;
				LD_RUNPATH_SEARCH_PATHS = (
					"$(inherited)",
					"@executable_path/Frameworks",
				);
				MARKETING_VERSION = 1.0;
				PRODUCT_BUNDLE_IDENTIFIER = kr.yeol.LottoGame;
				PRODUCT_NAME = "$(TARGET_NAME)";
				PROVISIONING_PROFILE_SPECIFIER = "";
				SUPPORTED_PLATFORMS = "iphoneos iphonesimulator";
				SUPPORTS_MACCATALYST = NO;
				SUPPORTS_MAC_DESIGNED_FOR_IPHONE_IPAD = NO;
				SWIFT_EMIT_LOC_STRINGS = YES;
				SWIFT_VERSION = 5.0;
				TARGETED_DEVICE_FAMILY = 1;
			};
			name = Release;
		};
/* End XCBuildConfiguration section */

/* Begin XCConfigurationList section */
		96FFB9002AB4BFF600FAD765 /* Build configuration list for PBXProject "LottoGame" */ = {
			isa = XCConfigurationList;
			buildConfigurations = (
				96FFB91A2AB4BFF700FAD765 /* Debug */,
				96FFB91B2AB4BFF700FAD765 /* Release */,
			);
			defaultConfigurationIsVisible = 0;
			defaultConfigurationName = Release;
		};
		96FFB91C2AB4BFF700FAD765 /* Build configuration list for PBXNativeTarget "LottoGame" */ = {
			isa = XCConfigurationList;
			buildConfigurations = (
				96FFB91D2AB4BFF700FAD765 /* Debug */,
				96FFB91E2AB4BFF700FAD765 /* Release */,
			);
			defaultConfigurationIsVisible = 0;
			defaultConfigurationName = Release;
		};
/* End XCConfigurationList section */

/* Begin XCVersionGroup section */
		96FFB9112AB4BFF600FAD765 /* LottoGame.xcdatamodeld */ = {
			isa = XCVersionGroup;
			children = (
				96FFB9122AB4BFF600FAD765 /* LottoGame.xcdatamodel */,
			);
			currentVersion = 96FFB9122AB4BFF600FAD765 /* LottoGame.xcdatamodel */;
			path = LottoGame.xcdatamodeld;
			sourceTree = "<group>";
			versionGroupType = wrapper.xcdatamodel;
		};
/* End XCVersionGroup section */
	};
	rootObject = 96FFB8FD2AB4BFF600FAD765 /* Project object */;
}
